
Microsoft Visual Studio Solution File, Format Version 12.00
# Visual Studio Version 16
VisualStudioVersion = 16.0.30517.126
MinimumVisualStudioVersion = 10.0.40219.1
Project("{FAE04EC0-301F-11D3-BF4B-00C04F79EFBC}") = "TicTacToeGameProject", "TicTacToeGameProject\TicTacToeGameProject.csproj", "{61C72696-DD87-4D7E-8EE9-EF234258D3C9}"
EndProject
Global
	GlobalSection(SolutionConfigurationPlatforms) = preSolution
		Debug|Any CPU = Debug|Any CPU
		Release|Any CPU = Release|Any CPU
	EndGlobalSection
	GlobalSection(ProjectConfigurationPlatforms) = postSolution
		{61C72696-DD87-4D7E-8EE9-EF234258D3C9}.Debug|Any CPU.ActiveCfg = Debug|Any CPU
		{61C72696-DD87-4D7E-8EE9-EF234258D3C9}.Debug|Any CPU.Build.0 = Debug|Any CPU
		{61C72696-DD87-4D7E-8EE9-EF234258D3C9}.Release|Any CPU.ActiveCfg = Release|Any CPU
		{61C72696-DD87-4D7E-8EE9-EF234258D3C9}.Release|Any CPU.Build.0 = Release|Any CPU
	EndGlobalSection
	GlobalSection(SolutionProperties) = preSolution
		HideSolutionNode = FALSE
	EndGlobalSection
	GlobalSection(ExtensibilityGlobals) = postSolution
		SolutionGuid = {DD58AC25-88E1-4FC7-B22B-63EDAC32A97B}
	EndGlobalSection
EndGlobal
